
Microsoft Visual Studio Solution File, Format Version 12.00
# Visual Studio Version 16
VisualStudioVersion = 16.0.31205.134
MinimumVisualStudioVersion = 10.0.40219.1
Project("{FAE04EC0-301F-11D3-BF4B-00C04F79EFBC}") = "ReflectionDemoProject", "ReflectionDemoProject\ReflectionDemoProject.csproj", "{76A31973-817E-4A57-A105-EE8745A3F406}"
EndProject
Project("{FAE04EC0-301F-11D3-BF4B-00C04F79EFBC}") = "AnnotationsDemo", "AnnotationsDemo\AnnotationsDemo.csproj", "{EB977634-B6E7-4826-B35C-FEB14BEF0A70}"
EndProject
Project("{FAE04EC0-301F-11D3-BF4B-00C04F79EFBC}") = "GarbageCollection", "GarbageCollection\GarbageCollection.csproj", "{01D2D649-7B1A-4761-9979-650964C895E4}"
EndProject
Global
	GlobalSection(SolutionConfigurationPlatforms) = preSolution
		Debug|Any CPU = Debug|Any CPU
		Release|Any CPU = Release|Any CPU
	EndGlobalSection
	GlobalSection(ProjectConfigurationPlatforms) = postSolution
		{76A31973-817E-4A57-A105-EE8745A3F406}.Debug|Any CPU.ActiveCfg = Debug|Any CPU
		{76A31973-817E-4A57-A105-EE8745A3F406}.Debug|Any CPU.Build.0 = Debug|Any CPU
		{76A31973-817E-4A57-A105-EE8745A3F406}.Release|Any CPU.ActiveCfg = Release|Any CPU
		{76A31973-817E-4A57-A105-EE8745A3F406}.Release|Any CPU.Build.0 = Release|Any CPU
		{EB977634-B6E7-4826-B35C-FEB14BEF0A70}.Debug|Any CPU.ActiveCfg = Debug|Any CPU
		{EB977634-B6E7-4826-B35C-FEB14BEF0A70}.Debug|Any CPU.Build.0 = Debug|Any CPU
		{EB977634-B6E7-4826-B35C-FEB14BEF0A70}.Release|Any CPU.ActiveCfg = Release|Any CPU
		{EB977634-B6E7-4826-B35C-FEB14BEF0A70}.Release|Any CPU.Build.0 = Release|Any CPU
		{01D2D649-7B1A-4761-9979-650964C895E4}.Debug|Any CPU.ActiveCfg = Debug|Any CPU
		{01D2D649-7B1A-4761-9979-650964C895E4}.Debug|Any CPU.Build.0 = Debug|Any CPU
		{01D2D649-7B1A-4761-9979-650964C895E4}.Release|Any CPU.ActiveCfg = Release|Any CPU
		{01D2D649-7B1A-4761-9979-650964C895E4}.Release|Any CPU.Build.0 = Release|Any CPU
	EndGlobalSection
	GlobalSection(SolutionProperties) = preSolution
		HideSolutionNode = FALSE
	EndGlobalSection
	GlobalSection(ExtensibilityGlobals) = postSolution
		SolutionGuid = {0A3E2131-D2C8-43BE-BD50-FF27F69B2F38}
	EndGlobalSection
EndGlobal
